
Microsoft Visual Studio Solution File, Format Version 12.00
# Visual Studio 15
VisualStudioVersion = 15.0.26730.10
MinimumVisualStudioVersion = 10.0.40219.1
Project("{FAE04EC0-301F-11D3-BF4B-00C04F79EFBC}") = "ListOrLibrary-ASIS", "ListOrLibrary-ASIS\ListOrLibrary-ASIS.csproj", "{99DCF5D8-AE90-4968-97E0-6E8C3FF40EB0}"
EndProject
Global
	GlobalSection(SolutionConfigurationPlatforms) = preSolution
		Debug|Any CPU = Debug|Any CPU
		Release|Any CPU = Release|Any CPU
	EndGlobalSection
	GlobalSection(ProjectConfigurationPlatforms) = postSolution
		{99DCF5D8-AE90-4968-97E0-6E8C3FF40EB0}.Debug|Any CPU.ActiveCfg = Debug|Any CPU
		{99DCF5D8-AE90-4968-97E0-6E8C3FF40EB0}.Debug|Any CPU.Build.0 = Debug|Any CPU
		{99DCF5D8-AE90-4968-97E0-6E8C3FF40EB0}.Release|Any CPU.ActiveCfg = Release|Any CPU
		{99DCF5D8-AE90-4968-97E0-6E8C3FF40EB0}.Release|Any CPU.Build.0 = Release|Any CPU
	EndGlobalSection
	GlobalSection(SolutionProperties) = preSolution
		HideSolutionNode = FALSE
	EndGlobalSection
	GlobalSection(ExtensibilityGlobals) = postSolution
		SolutionGuid = {9F4C749C-1AC6-4F4D-8F69-548FAB3CD837}
	EndGlobalSection
EndGlobal
